# THIS IS AN AUTOGENERATED FILE. DO NOT EDIT THIS FILE DIRECTLY.
# yarn lockfile v1


three@^0.146.0:
  version "0.146.0"
  resolved "https://registry.yarnpkg.com/three/-/three-0.146.0.tgz#fd80f0d128ab4bb821a02191ae241e4e6326f17a"
  integrity sha512-1lvNfLezN6OJ9NaFAhfX4sm5e9YCzHtaRgZ1+B4C+Hv6TibRMsuBAM5/wVKzxjpYIlMymvgsHEFrrigEfXnb2A==
